Microsoft Visual Studio Solution File, Format Version 12.00
# Visual Studio 15
VisualStudioVersion = 15.0.28010.2016
MinimumVisualStudioVersion = 10.0.40219.1
Project("{FAE04EC0-301F-11D3-BF4B-00C04F79EFBC}") = "WindowsApplication1", "WindowsApplication1\WindowsApplication1.csproj", "{856C1686-822A-4E25-9F67-F7BFFDAD6359}"
EndProject
Global
	GlobalSection(SolutionConfigurationPlatforms) = preSolution
		Debug|Any CPU = Debug|Any CPU
		Release|Any CPU = Release|Any CPU
	EndGlobalSection
	GlobalSection(ProjectConfigurationPlatforms) = postSolution
		{856C1686-822A-4E25-9F67-F7BFFDAD6359}.Debug|Any CPU.ActiveCfg = Debug|Any CPU
		{856C1686-822A-4E25-9F67-F7BFFDAD6359}.Debug|Any CPU.Build.0 = Debug|Any CPU
		{856C1686-822A-4E25-9F67-F7BFFDAD6359}.Release|Any CPU.ActiveCfg = Release|Any CPU
		{856C1686-822A-4E25-9F67-F7BFFDAD6359}.Release|Any CPU.Build.0 = Release|Any CPU
	EndGlobalSection
	GlobalSection(SolutionProperties) = preSolution
		HideSolutionNode = FALSE
	EndGlobalSection
	GlobalSection(ExtensibilityGlobals) = postSolution
		SolutionGuid = {E66FA468-45F0-4D1E-81A6-1B4CC20C44C3}
	EndGlobalSection
EndGlobal
